{
  "name": "streamlit_app",
  "lockfileVersion": 2,
  "requires": true,
  "packages": {
    "": {
      "dependencies": {
        "boto3": "^0.0.1"
      }
    },
    "node_modules/boto3": {
      "version": "0.0.1",
      "resolved": "https://registry.npmjs.org/boto3/-/boto3-0.0.1.tgz",
      "integrity": "sha512-IFT1HCaLUSzk//uM4++Lv65Rf/hT3GGjLWMkZvDuutPgV/uoWQFTpixfnWhOfWKFUFQxYeg0JbLfQ6PpQJBGYw=="
    }
  },
  "dependencies": {
    "boto3": {
      "version": "0.0.1",
      "resolved": "https://registry.npmjs.org/boto3/-/boto3-0.0.1.tgz",
      "integrity": "sha512-IFT1HCaLUSzk//uM4++Lv65Rf/hT3GGjLWMkZvDuutPgV/uoWQFTpixfnWhOfWKFUFQxYeg0JbLfQ6PpQJBGYw=="
    }
  }
}
